{
	"name": "pkg1",
	"version": "0.0.0",
	"lockfileVersion": 1,
	"requires": true,
	"dependencies": {
		"ethereum-voting-helpers": {
			"version": "1.0.3",
			"resolved": "https://registry.npmjs.org/ethereum-voting-helpers/-/ethereum-voting-helpers-1.0.3.tgz",
			"integrity": "sha512-l4nm7yctpvynU4bpsXDgoEffg//a1Ep+G81K3/TE4zMMQQFV3F3GWGqEfWGbLv3dWr2T8DTOoWGcCnvr+DTyRQ=="
		}
	}
}
