{
	"name": "taurus-pkg2",
	"version": "0.0.3",
	"lockfileVersion": 1,
	"requires": true,
	"dependencies": {
		"gemini-package-a": {
			"version": "1.0.2",
			"resolved": "https://registry.npmjs.org/gemini-package-a/-/gemini-package-a-1.0.2.tgz",
			"integrity": "sha512-NeX0r4QrzTOLrXKwb4uVSGPWk24ntre5MC8rUzvbt+1EkJ/6Q/JWmDS2DHmnQf9/yRPk2opGjTiKBiSdYPqDbA==",
			"requires": {
				"taurus-pkg2": "^0.0.3"
			}
		},
		"taurus-pkg2": {
			"version": "0.0.3",
			"resolved": "https://registry.npmjs.org/taurus-pkg2/-/taurus-pkg2-0.0.3.tgz",
			"integrity": "sha512-utMMih4wKONnaVds/iS8BKzFp1lXuA0d+aZSySyO4fWaxVgqXM77yL2JMcDBpe3bk6ICgnF8nxpUBHxhh8groA==",
			"requires": {
				"voting-contracts-abi": "^1.0.1"
			}
		},
		"voting-contracts-abi": {
			"version": "1.0.1",
			"resolved": "https://registry.npmjs.org/voting-contracts-abi/-/voting-contracts-abi-1.0.1.tgz",
			"integrity": "sha512-HeS2UUv7MJu8TIF4GmjQgwjYBU6N4J+BzuZo1ZG1qPBL/ZnVUbCnmPo12edIcO6T08gPpX1617Kq/3G4smpwdA=="
		}
	}
}
